
Microsoft Visual Studio Solution File, Format Version 12.00
# Visual Studio Version 16
VisualStudioVersion = 16.0.30804.86
MinimumVisualStudioVersion = 10.0.40219.1
Project("{8BC9CEB8-8B4A-11D0-8D11-00A0C91BC942}") = "EasyX_Demo_02", "EasyX_Demo_02\EasyX_Demo_02.vcxproj", "{1D52B041-766B-49A5-91F0-5CD445D5EDDD}"
EndProject
Project("{8BC9CEB8-8B4A-11D0-8D11-00A0C91BC942}") = "EasyX_Demo_03", "EasyX_Demo_03\EasyX_Demo_03.vcxproj", "{4629DC56-AD0D-4051-83DA-A3AA0CF416D9}"
EndProject
Project("{8BC9CEB8-8B4A-11D0-8D11-00A0C91BC942}") = "EasyX_Demo_04", "EasyX_Demo_04\EasyX_Demo_04.vcxproj", "{5D827934-DC8A-4C24-9926-5A845E3BF837}"
EndProject
Project("{8BC9CEB8-8B4A-11D0-8D11-00A0C91BC942}") = "立体多面体旋转", "立体多面体旋转\立体多面体旋转.vcxproj", "{0F2D15C5-82FF-42DC-927C-27020F194EE8}"
EndProject
Project("{8BC9CEB8-8B4A-11D0-8D11-00A0C91BC942}") = "贪吃蛇", "贪吃蛇\贪吃蛇.vcxproj", "{91DC0690-52BC-4387-A3D8-216013640E2D}"
EndProject
Project("{8BC9CEB8-8B4A-11D0-8D11-00A0C91BC942}") = "老年贪吃蛇", "老年贪吃蛇\老年贪吃蛇.vcxproj", "{077D1346-86FF-4E48-BBC2-38239A4F974B}"
EndProject
Project("{8BC9CEB8-8B4A-11D0-8D11-00A0C91BC942}") = "烟花", "烟花\烟花.vcxproj", "{43A68AA2-A1D2-45E9-8B6F-F17E65928591}"
EndProject
Project("{8BC9CEB8-8B4A-11D0-8D11-00A0C91BC942}") = "钟表模拟程序(表针形式)", "钟表模拟程序(表针形式)\钟表模拟程序(表针形式).vcxproj", "{62773CFF-0943-423D-A82A-8C813F563068}"
EndProject
Project("{8BC9CEB8-8B4A-11D0-8D11-00A0C91BC942}") = "用多个圆形组合形成的心形图案", "用多个圆形组合形成的心形图案\用多个圆形组合形成的心形图案.vcxproj", "{B32187E8-C63A-4175-BFD4-E412F5E1DD21}"
EndProject
Project("{8BC9CEB8-8B4A-11D0-8D11-00A0C91BC942}") = "三维旋转球", "三维旋转球\三维旋转球.vcxproj", "{82CE031C-7C3E-4C44-A7CD-E4C60AFC6B15}"
EndProject
Project("{8BC9CEB8-8B4A-11D0-8D11-00A0C91BC942}") = "打字母游戏", "打字母游戏\打字母游戏.vcxproj", "{C43732FF-4FD7-4AF6-81C1-9C5C6AE2827A}"
EndProject
Project("{8BC9CEB8-8B4A-11D0-8D11-00A0C91BC942}") = "星空", "星空\星空.vcxproj", "{D078A043-F5A8-48B0-A1F1-9591A31923F4}"
EndProject
Project("{8BC9CEB8-8B4A-11D0-8D11-00A0C91BC942}") = "鼠标操作演示", "鼠标操作演示\鼠标操作演示.vcxproj", "{87CA53A0-DAEF-4B3B-8E2E-35733168F497}"
EndProject
Project("{8BC9CEB8-8B4A-11D0-8D11-00A0C91BC942}") = "字符阵程序", "字符阵程序\字符阵程序.vcxproj", "{9B95BCA9-D625-47C3-AB4A-F5712CDEEF74}"
EndProject
Project("{8BC9CEB8-8B4A-11D0-8D11-00A0C91BC942}") = "画圆", "画圆\画圆.vcxproj", "{D8C4D6E8-6D6B-48CE-8935-D76202DCCD66}"
EndProject
Project("{8BC9CEB8-8B4A-11D0-8D11-00A0C91BC942}") = "数独", "数独\数独.vcxproj", "{5649001A-5A21-434D-954A-0615E5A2B77F}"
EndProject
Project("{8BC9CEB8-8B4A-11D0-8D11-00A0C91BC942}") = "数独2", "数独2\数独2.vcxproj", "{9BAB9818-925F-4845-90E4-6D374F8A702B}"
EndProject
Project("{8BC9CEB8-8B4A-11D0-8D11-00A0C91BC942}") = "CosmoRun", "CosmoRun\CosmoRun.vcxproj", "{54683FE7-2AF0-410C-AA95-3B929AAEE301}"
EndProject
Project("{8BC9CEB8-8B4A-11D0-8D11-00A0C91BC942}") = "贪吃蛇2", "贪吃蛇2\贪吃蛇2.vcxproj", "{3A5DCEDF-89C1-47E8-8EBB-193E38B36814}"
EndProject
Project("{8BC9CEB8-8B4A-11D0-8D11-00A0C91BC942}") = "俄罗斯方块", "俄罗斯方块\俄罗斯方块.vcxproj", "{F89AA123-002F-4AA5-829A-EB3F51CC7AAD}"
EndProject
Project("{8BC9CEB8-8B4A-11D0-8D11-00A0C91BC942}") = "繁花曲线", "繁花曲线\繁花曲线.vcxproj", "{28828B9F-5FF3-4839-AAE8-08101A805CC2}"
EndProject
Project("{8BC9CEB8-8B4A-11D0-8D11-00A0C91BC942}") = "扫雷", "扫雷\扫雷.vcxproj", "{49D3042B-4B9D-41BC-B17A-ED5B9C4D46A4}"
EndProject
Project("{8BC9CEB8-8B4A-11D0-8D11-00A0C91BC942}") = "交叉线", "交叉线\交叉线.vcxproj", "{63FD587E-A189-43A0-A676-B333CEE3578F}"
EndProject
Project("{8BC9CEB8-8B4A-11D0-8D11-00A0C91BC942}") = "EasyX_Demo_01", "EasyX_Demo_01\EasyX_Demo_01.vcxproj", "{729B7A2E-733E-4AB1-AB9B-8DD66F024A40}"
EndProject
Project("{8BC9CEB8-8B4A-11D0-8D11-00A0C91BC942}") = "计算器", "计算器\计算器.vcxproj", "{117E18EB-7C0A-46D8-A943-46FC75194862}"
EndProject
Global
	GlobalSection(SolutionConfigurationPlatforms) = preSolution
		Debug|x64 = Debug|x64
		Debug|x86 = Debug|x86
		Release|x64 = Release|x64
		Release|x86 = Release|x86
	EndGlobalSection
	GlobalSection(ProjectConfigurationPlatforms) = postSolution
		{1D52B041-766B-49A5-91F0-5CD445D5EDDD}.Debug|x64.ActiveCfg = Debug|x64
		{1D52B041-766B-49A5-91F0-5CD445D5EDDD}.Debug|x64.Build.0 = Debug|x64
		{1D52B041-766B-49A5-91F0-5CD445D5EDDD}.Debug|x86.ActiveCfg = Debug|Win32
		{1D52B041-766B-49A5-91F0-5CD445D5EDDD}.Debug|x86.Build.0 = Debug|Win32
		{1D52B041-766B-49A5-91F0-5CD445D5EDDD}.Release|x64.ActiveCfg = Release|x64
		{1D52B041-766B-49A5-91F0-5CD445D5EDDD}.Release|x64.Build.0 = Release|x64
		{1D52B041-766B-49A5-91F0-5CD445D5EDDD}.Release|x86.ActiveCfg = Release|Win32
		{1D52B041-766B-49A5-91F0-5CD445D5EDDD}.Release|x86.Build.0 = Release|Win32
		{4629DC56-AD0D-4051-83DA-A3AA0CF416D9}.Debug|x64.ActiveCfg = Debug|x64
		{4629DC56-AD0D-4051-83DA-A3AA0CF416D9}.Debug|x64.Build.0 = Debug|x64
		{4629DC56-AD0D-4051-83DA-A3AA0CF416D9}.Debug|x86.ActiveCfg = Debug|Win32
		{4629DC56-AD0D-4051-83DA-A3AA0CF416D9}.Debug|x86.Build.0 = Debug|Win32
		{4629DC56-AD0D-4051-83DA-A3AA0CF416D9}.Release|x64.ActiveCfg = Release|x64
		{4629DC56-AD0D-4051-83DA-A3AA0CF416D9}.Release|x64.Build.0 = Release|x64
		{4629DC56-AD0D-4051-83DA-A3AA0CF416D9}.Release|x86.ActiveCfg = Release|Win32
		{4629DC56-AD0D-4051-83DA-A3AA0CF416D9}.Release|x86.Build.0 = Release|Win32
		{5D827934-DC8A-4C24-9926-5A845E3BF837}.Debug|x64.ActiveCfg = Debug|x64
		{5D827934-DC8A-4C24-9926-5A845E3BF837}.Debug|x64.Build.0 = Debug|x64
		{5D827934-DC8A-4C24-9926-5A845E3BF837}.Debug|x86.ActiveCfg = Debug|Win32
		{5D827934-DC8A-4C24-9926-5A845E3BF837}.Debug|x86.Build.0 = Debug|Win32
		{5D827934-DC8A-4C24-9926-5A845E3BF837}.Release|x64.ActiveCfg = Release|x64
		{5D827934-DC8A-4C24-9926-5A845E3BF837}.Release|x64.Build.0 = Release|x64
		{5D827934-DC8A-4C24-9926-5A845E3BF837}.Release|x86.ActiveCfg = Release|Win32
		{5D827934-DC8A-4C24-9926-5A845E3BF837}.Release|x86.Build.0 = Release|Win32
		{0F2D15C5-82FF-42DC-927C-27020F194EE8}.Debug|x64.ActiveCfg = Debug|x64
		{0F2D15C5-82FF-42DC-927C-27020F194EE8}.Debug|x64.Build.0 = Debug|x64
		{0F2D15C5-82FF-42DC-927C-27020F194EE8}.Debug|x86.ActiveCfg = Debug|Win32
		{0F2D15C5-82FF-42DC-927C-27020F194EE8}.Debug|x86.Build.0 = Debug|Win32
		{0F2D15C5-82FF-42DC-927C-27020F194EE8}.Release|x64.ActiveCfg = Release|x64
		{0F2D15C5-82FF-42DC-927C-27020F194EE8}.Release|x64.Build.0 = Release|x64
		{0F2D15C5-82FF-42DC-927C-27020F194EE8}.Release|x86.ActiveCfg = Release|Win32
		{0F2D15C5-82FF-42DC-927C-27020F194EE8}.Release|x86.Build.0 = Release|Win32
		{91DC0690-52BC-4387-A3D8-216013640E2D}.Debug|x64.ActiveCfg = Debug|x64
		{91DC0690-52BC-4387-A3D8-216013640E2D}.Debug|x64.Build.0 = Debug|x64
		{91DC0690-52BC-4387-A3D8-216013640E2D}.Debug|x86.ActiveCfg = Debug|Win32
		{91DC0690-52BC-4387-A3D8-216013640E2D}.Debug|x86.Build.0 = Debug|Win32
		{91DC0690-52BC-4387-A3D8-216013640E2D}.Release|x64.ActiveCfg = Release|x64
		{91DC0690-52BC-4387-A3D8-216013640E2D}.Release|x64.Build.0 = Release|x64
		{91DC0690-52BC-4387-A3D8-216013640E2D}.Release|x86.ActiveCfg = Release|Win32
		{91DC0690-52BC-4387-A3D8-216013640E2D}.Release|x86.Build.0 = Release|Win32
		{077D1346-86FF-4E48-BBC2-38239A4F974B}.Debug|x64.ActiveCfg = Debug|x64
		{077D1346-86FF-4E48-BBC2-38239A4F974B}.Debug|x64.Build.0 = Debug|x64
		{077D1346-86FF-4E48-BBC2-38239A4F974B}.Debug|x86.ActiveCfg = Debug|Win32
		{077D1346-86FF-4E48-BBC2-38239A4F974B}.Debug|x86.Build.0 = Debug|Win32
		{077D1346-86FF-4E48-BBC2-38239A4F974B}.Release|x64.ActiveCfg = Release|x64
		{077D1346-86FF-4E48-BBC2-38239A4F974B}.Release|x64.Build.0 = Release|x64
		{077D1346-86FF-4E48-BBC2-38239A4F974B}.Release|x86.ActiveCfg = Release|Win32
		{077D1346-86FF-4E48-BBC2-38239A4F974B}.Release|x86.Build.0 = Release|Win32
		{43A68AA2-A1D2-45E9-8B6F-F17E65928591}.Debug|x64.ActiveCfg = Debug|x64
		{43A68AA2-A1D2-45E9-8B6F-F17E65928591}.Debug|x64.Build.0 = Debug|x64
		{43A68AA2-A1D2-45E9-8B6F-F17E65928591}.Debug|x86.ActiveCfg = Debug|Win32
		{43A68AA2-A1D2-45E9-8B6F-F17E65928591}.Debug|x86.Build.0 = Debug|Win32
		{43A68AA2-A1D2-45E9-8B6F-F17E65928591}.Release|x64.ActiveCfg = Release|x64
		{43A68AA2-A1D2-45E9-8B6F-F17E65928591}.Release|x64.Build.0 = Release|x64
		{43A68AA2-A1D2-45E9-8B6F-F17E65928591}.Release|x86.ActiveCfg = Release|Win32
		{43A68AA2-A1D2-45E9-8B6F-F17E65928591}.Release|x86.Build.0 = Release|Win32
		{62773CFF-0943-423D-A82A-8C813F563068}.Debug|x64.ActiveCfg = Debug|x64
		{62773CFF-0943-423D-A82A-8C813F563068}.Debug|x64.Build.0 = Debug|x64
		{62773CFF-0943-423D-A82A-8C813F563068}.Debug|x86.ActiveCfg = Debug|Win32
		{62773CFF-0943-423D-A82A-8C813F563068}.Debug|x86.Build.0 = Debug|Win32
		{62773CFF-0943-423D-A82A-8C813F563068}.Release|x64.ActiveCfg = Release|x64
		{62773CFF-0943-423D-A82A-8C813F563068}.Release|x64.Build.0 = Release|x64
		{62773CFF-0943-423D-A82A-8C813F563068}.Release|x86.ActiveCfg = Release|Win32
		{62773CFF-0943-423D-A82A-8C813F563068}.Release|x86.Build.0 = Release|Win32
		{B32187E8-C63A-4175-BFD4-E412F5E1DD21}.Debug|x64.ActiveCfg = Debug|x64
		{B32187E8-C63A-4175-BFD4-E412F5E1DD21}.Debug|x64.Build.0 = Debug|x64
		{B32187E8-C63A-4175-BFD4-E412F5E1DD21}.Debug|x86.ActiveCfg = Debug|Win32
		{B32187E8-C63A-4175-BFD4-E412F5E1DD21}.Debug|x86.Build.0 = Debug|Win32
		{B32187E8-C63A-4175-BFD4-E412F5E1DD21}.Release|x64.ActiveCfg = Release|x64
		{B32187E8-C63A-4175-BFD4-E412F5E1DD21}.Release|x64.Build.0 = Release|x64
		{B32187E8-C63A-4175-BFD4-E412F5E1DD21}.Release|x86.ActiveCfg = Release|Win32
		{B32187E8-C63A-4175-BFD4-E412F5E1DD21}.Release|x86.Build.0 = Release|Win32
		{82CE031C-7C3E-4C44-A7CD-E4C60AFC6B15}.Debug|x64.ActiveCfg = Debug|x64
		{82CE031C-7C3E-4C44-A7CD-E4C60AFC6B15}.Debug|x64.Build.0 = Debug|x64
		{82CE031C-7C3E-4C44-A7CD-E4C60AFC6B15}.Debug|x86.ActiveCfg = Debug|Win32
		{82CE031C-7C3E-4C44-A7CD-E4C60AFC6B15}.Debug|x86.Build.0 = Debug|Win32
		{82CE031C-7C3E-4C44-A7CD-E4C60AFC6B15}.Release|x64.ActiveCfg = Release|x64
		{82CE031C-7C3E-4C44-A7CD-E4C60AFC6B15}.Release|x64.Build.0 = Release|x64
		{82CE031C-7C3E-4C44-A7CD-E4C60AFC6B15}.Release|x86.ActiveCfg = Release|Win32
		{82CE031C-7C3E-4C44-A7CD-E4C60AFC6B15}.Release|x86.Build.0 = Release|Win32
		{C43732FF-4FD7-4AF6-81C1-9C5C6AE2827A}.Debug|x64.ActiveCfg = Debug|x64
		{C43732FF-4FD7-4AF6-81C1-9C5C6AE2827A}.Debug|x64.Build.0 = Debug|x64
		{C43732FF-4FD7-4AF6-81C1-9C5C6AE2827A}.Debug|x86.ActiveCfg = Debug|Win32
		{C43732FF-4FD7-4AF6-81C1-9C5C6AE2827A}.Debug|x86.Build.0 = Debug|Win32
		{C43732FF-4FD7-4AF6-81C1-9C5C6AE2827A}.Release|x64.ActiveCfg = Release|x64
		{C43732FF-4FD7-4AF6-81C1-9C5C6AE2827A}.Release|x64.Build.0 = Release|x64
		{C43732FF-4FD7-4AF6-81C1-9C5C6AE2827A}.Release|x86.ActiveCfg = Release|Win32
		{C43732FF-4FD7-4AF6-81C1-9C5C6AE2827A}.Release|x86.Build.0 = Release|Win32
		{D078A043-F5A8-48B0-A1F1-9591A31923F4}.Debug|x64.ActiveCfg = Debug|x64
		{D078A043-F5A8-48B0-A1F1-9591A31923F4}.Debug|x64.Build.0 = Debug|x64
		{D078A043-F5A8-48B0-A1F1-9591A31923F4}.Debug|x86.ActiveCfg = Debug|Win32
		{D078A043-F5A8-48B0-A1F1-9591A31923F4}.Debug|x86.Build.0 = Debug|Win32
		{D078A043-F5A8-48B0-A1F1-9591A31923F4}.Release|x64.ActiveCfg = Release|x64
		{D078A043-F5A8-48B0-A1F1-9591A31923F4}.Release|x64.Build.0 = Release|x64
		{D078A043-F5A8-48B0-A1F1-9591A31923F4}.Release|x86.ActiveCfg = Release|Win32
		{D078A043-F5A8-48B0-A1F1-9591A31923F4}.Release|x86.Build.0 = Release|Win32
		{87CA53A0-DAEF-4B3B-8E2E-35733168F497}.Debug|x64.ActiveCfg = Debug|x64
		{87CA53A0-DAEF-4B3B-8E2E-35733168F497}.Debug|x64.Build.0 = Debug|x64
		{87CA53A0-DAEF-4B3B-8E2E-35733168F497}.Debug|x86.ActiveCfg = Debug|Win32
		{87CA53A0-DAEF-4B3B-8E2E-35733168F497}.Debug|x86.Build.0 = Debug|Win32
		{87CA53A0-DAEF-4B3B-8E2E-35733168F497}.Release|x64.ActiveCfg = Release|x64
		{87CA53A0-DAEF-4B3B-8E2E-35733168F497}.Release|x64.Build.0 = Release|x64
		{87CA53A0-DAEF-4B3B-8E2E-35733168F497}.Release|x86.ActiveCfg = Release|Win32
		{87CA53A0-DAEF-4B3B-8E2E-35733168F497}.Release|x86.Build.0 = Release|Win32
		{9B95BCA9-D625-47C3-AB4A-F5712CDEEF74}.Debug|x64.ActiveCfg = Debug|x64
		{9B95BCA9-D625-47C3-AB4A-F5712CDEEF74}.Debug|x64.Build.0 = Debug|x64
		{9B95BCA9-D625-47C3-AB4A-F5712CDEEF74}.Debug|x86.ActiveCfg = Debug|Win32
		{9B95BCA9-D625-47C3-AB4A-F5712CDEEF74}.Debug|x86.Build.0 = Debug|Win32
		{9B95BCA9-D625-47C3-AB4A-F5712CDEEF74}.Release|x64.ActiveCfg = Release|x64
		{9B95BCA9-D625-47C3-AB4A-F5712CDEEF74}.Release|x64.Build.0 = Release|x64
		{9B95BCA9-D625-47C3-AB4A-F5712CDEEF74}.Release|x86.ActiveCfg = Release|Win32
		{9B95BCA9-D625-47C3-AB4A-F5712CDEEF74}.Release|x86.Build.0 = Release|Win32
		{D8C4D6E8-6D6B-48CE-8935-D76202DCCD66}.Debug|x64.ActiveCfg = Debug|x64
		{D8C4D6E8-6D6B-48CE-8935-D76202DCCD66}.Debug|x64.Build.0 = Debug|x64
		{D8C4D6E8-6D6B-48CE-8935-D76202DCCD66}.Debug|x86.ActiveCfg = Debug|Win32
		{D8C4D6E8-6D6B-48CE-8935-D76202DCCD66}.Debug|x86.Build.0 = Debug|Win32
		{D8C4D6E8-6D6B-48CE-8935-D76202DCCD66}.Release|x64.ActiveCfg = Release|x64
		{D8C4D6E8-6D6B-48CE-8935-D76202DCCD66}.Release|x64.Build.0 = Release|x64
		{D8C4D6E8-6D6B-48CE-8935-D76202DCCD66}.Release|x86.ActiveCfg = Release|Win32
		{D8C4D6E8-6D6B-48CE-8935-D76202DCCD66}.Release|x86.Build.0 = Release|Win32
		{5649001A-5A21-434D-954A-0615E5A2B77F}.Debug|x64.ActiveCfg = Debug|x64
		{5649001A-5A21-434D-954A-0615E5A2B77F}.Debug|x64.Build.0 = Debug|x64
		{5649001A-5A21-434D-954A-0615E5A2B77F}.Debug|x86.ActiveCfg = Debug|Win32
		{5649001A-5A21-434D-954A-0615E5A2B77F}.Debug|x86.Build.0 = Debug|Win32
		{5649001A-5A21-434D-954A-0615E5A2B77F}.Release|x64.ActiveCfg = Release|x64
		{5649001A-5A21-434D-954A-0615E5A2B77F}.Release|x64.Build.0 = Release|x64
		{5649001A-5A21-434D-954A-0615E5A2B77F}.Release|x86.ActiveCfg = Release|Win32
		{5649001A-5A21-434D-954A-0615E5A2B77F}.Release|x86.Build.0 = Release|Win32
		{9BAB9818-925F-4845-90E4-6D374F8A702B}.Debug|x64.ActiveCfg = Debug|x64
		{9BAB9818-925F-4845-90E4-6D374F8A702B}.Debug|x64.Build.0 = Debug|x64
		{9BAB9818-925F-4845-90E4-6D374F8A702B}.Debug|x86.ActiveCfg = Debug|Win32
		{9BAB9818-925F-4845-90E4-6D374F8A702B}.Debug|x86.Build.0 = Debug|Win32
		{9BAB9818-925F-4845-90E4-6D374F8A702B}.Release|x64.ActiveCfg = Release|x64
		{9BAB9818-925F-4845-90E4-6D374F8A702B}.Release|x64.Build.0 = Release|x64
		{9BAB9818-925F-4845-90E4-6D374F8A702B}.Release|x86.ActiveCfg = Release|Win32
		{9BAB9818-925F-4845-90E4-6D374F8A702B}.Release|x86.Build.0 = Release|Win32
		{54683FE7-2AF0-410C-AA95-3B929AAEE301}.Debug|x64.ActiveCfg = Debug|x64
		{54683FE7-2AF0-410C-AA95-3B929AAEE301}.Debug|x64.Build.0 = Debug|x64
		{54683FE7-2AF0-410C-AA95-3B929AAEE301}.Debug|x86.ActiveCfg = Debug|Win32
		{54683FE7-2AF0-410C-AA95-3B929AAEE301}.Debug|x86.Build.0 = Debug|Win32
		{54683FE7-2AF0-410C-AA95-3B929AAEE301}.Release|x64.ActiveCfg = Release|x64
		{54683FE7-2AF0-410C-AA95-3B929AAEE301}.Release|x64.Build.0 = Release|x64
		{54683FE7-2AF0-410C-AA95-3B929AAEE301}.Release|x86.ActiveCfg = Release|Win32
		{54683FE7-2AF0-410C-AA95-3B929AAEE301}.Release|x86.Build.0 = Release|Win32
		{3A5DCEDF-89C1-47E8-8EBB-193E38B36814}.Debug|x64.ActiveCfg = Debug|x64
		{3A5DCEDF-89C1-47E8-8EBB-193E38B36814}.Debug|x64.Build.0 = Debug|x64
		{3A5DCEDF-89C1-47E8-8EBB-193E38B36814}.Debug|x86.ActiveCfg = Debug|Win32
		{3A5DCEDF-89C1-47E8-8EBB-193E38B36814}.Debug|x86.Build.0 = Debug|Win32
		{3A5DCEDF-89C1-47E8-8EBB-193E38B36814}.Release|x64.ActiveCfg = Release|x64
		{3A5DCEDF-89C1-47E8-8EBB-193E38B36814}.Release|x64.Build.0 = Release|x64
		{3A5DCEDF-89C1-47E8-8EBB-193E38B36814}.Release|x86.ActiveCfg = Release|Win32
		{3A5DCEDF-89C1-47E8-8EBB-193E38B36814}.Release|x86.Build.0 = Release|Win32
		{F89AA123-002F-4AA5-829A-EB3F51CC7AAD}.Debug|x64.ActiveCfg = Debug|x64
		{F89AA123-002F-4AA5-829A-EB3F51CC7AAD}.Debug|x64.Build.0 = Debug|x64
		{F89AA123-002F-4AA5-829A-EB3F51CC7AAD}.Debug|x86.ActiveCfg = Debug|Win32
		{F89AA123-002F-4AA5-829A-EB3F51CC7AAD}.Debug|x86.Build.0 = Debug|Win32
		{F89AA123-002F-4AA5-829A-EB3F51CC7AAD}.Release|x64.ActiveCfg = Release|x64
		{F89AA123-002F-4AA5-829A-EB3F51CC7AAD}.Release|x64.Build.0 = Release|x64
		{F89AA123-002F-4AA5-829A-EB3F51CC7AAD}.Release|x86.ActiveCfg = Release|Win32
		{F89AA123-002F-4AA5-829A-EB3F51CC7AAD}.Release|x86.Build.0 = Release|Win32
		{28828B9F-5FF3-4839-AAE8-08101A805CC2}.Debug|x64.ActiveCfg = Debug|x64
		{28828B9F-5FF3-4839-AAE8-08101A805CC2}.Debug|x64.Build.0 = Debug|x64
		{28828B9F-5FF3-4839-AAE8-08101A805CC2}.Debug|x86.ActiveCfg = Debug|Win32
		{28828B9F-5FF3-4839-AAE8-08101A805CC2}.Debug|x86.Build.0 = Debug|Win32
		{28828B9F-5FF3-4839-AAE8-08101A805CC2}.Release|x64.ActiveCfg = Release|x64
		{28828B9F-5FF3-4839-AAE8-08101A805CC2}.Release|x64.Build.0 = Release|x64
		{28828B9F-5FF3-4839-AAE8-08101A805CC2}.Release|x86.ActiveCfg = Release|Win32
		{28828B9F-5FF3-4839-AAE8-08101A805CC2}.Release|x86.Build.0 = Release|Win32
		{49D3042B-4B9D-41BC-B17A-ED5B9C4D46A4}.Debug|x64.ActiveCfg = Debug|x64
		{49D3042B-4B9D-41BC-B17A-ED5B9C4D46A4}.Debug|x64.Build.0 = Debug|x64
		{49D3042B-4B9D-41BC-B17A-ED5B9C4D46A4}.Debug|x86.ActiveCfg = Debug|Win32
		{49D3042B-4B9D-41BC-B17A-ED5B9C4D46A4}.Debug|x86.Build.0 = Debug|Win32
		{49D3042B-4B9D-41BC-B17A-ED5B9C4D46A4}.Release|x64.ActiveCfg = Release|x64
		{49D3042B-4B9D-41BC-B17A-ED5B9C4D46A4}.Release|x64.Build.0 = Release|x64
		{49D3042B-4B9D-41BC-B17A-ED5B9C4D46A4}.Release|x86.ActiveCfg = Release|Win32
		{49D3042B-4B9D-41BC-B17A-ED5B9C4D46A4}.Release|x86.Build.0 = Release|Win32
		{63FD587E-A189-43A0-A676-B333CEE3578F}.Debug|x64.ActiveCfg = Debug|x64
		{63FD587E-A189-43A0-A676-B333CEE3578F}.Debug|x64.Build.0 = Debug|x64
		{63FD587E-A189-43A0-A676-B333CEE3578F}.Debug|x86.ActiveCfg = Debug|Win32
		{63FD587E-A189-43A0-A676-B333CEE3578F}.Debug|x86.Build.0 = Debug|Win32
		{63FD587E-A189-43A0-A676-B333CEE3578F}.Release|x64.ActiveCfg = Release|x64
		{63FD587E-A189-43A0-A676-B333CEE3578F}.Release|x64.Build.0 = Release|x64
		{63FD587E-A189-43A0-A676-B333CEE3578F}.Release|x86.ActiveCfg = Release|Win32
		{63FD587E-A189-43A0-A676-B333CEE3578F}.Release|x86.Build.0 = Release|Win32
		{729B7A2E-733E-4AB1-AB9B-8DD66F024A40}.Debug|x64.ActiveCfg = Debug|x64
		{729B7A2E-733E-4AB1-AB9B-8DD66F024A40}.Debug|x64.Build.0 = Debug|x64
		{729B7A2E-733E-4AB1-AB9B-8DD66F024A40}.Debug|x86.ActiveCfg = Debug|Win32
		{729B7A2E-733E-4AB1-AB9B-8DD66F024A40}.Debug|x86.Build.0 = Debug|Win32
		{729B7A2E-733E-4AB1-AB9B-8DD66F024A40}.Release|x64.ActiveCfg = Release|x64
		{729B7A2E-733E-4AB1-AB9B-8DD66F024A40}.Release|x64.Build.0 = Release|x64
		{729B7A2E-733E-4AB1-AB9B-8DD66F024A40}.Release|x86.ActiveCfg = Release|Win32
		{729B7A2E-733E-4AB1-AB9B-8DD66F024A40}.Release|x86.Build.0 = Release|Win32
		{117E18EB-7C0A-46D8-A943-46FC75194862}.Debug|x64.ActiveCfg = Debug|x64
		{117E18EB-7C0A-46D8-A943-46FC75194862}.Debug|x64.Build.0 = Debug|x64
		{117E18EB-7C0A-46D8-A943-46FC75194862}.Debug|x86.ActiveCfg = Debug|Win32
		{117E18EB-7C0A-46D8-A943-46FC75194862}.Debug|x86.Build.0 = Debug|Win32
		{117E18EB-7C0A-46D8-A943-46FC75194862}.Release|x64.ActiveCfg = Release|x64
		{117E18EB-7C0A-46D8-A943-46FC75194862}.Release|x64.Build.0 = Release|x64
		{117E18EB-7C0A-46D8-A943-46FC75194862}.Release|x86.ActiveCfg = Release|Win32
		{117E18EB-7C0A-46D8-A943-46FC75194862}.Release|x86.Build.0 = Release|Win32
	EndGlobalSection
	GlobalSection(SolutionProperties) = preSolution
		HideSolutionNode = FALSE
	EndGlobalSection
	GlobalSection(ExtensibilityGlobals) = postSolution
		SolutionGuid = {C6FBF25C-B260-4025-A011-156993A28880}
	EndGlobalSection
EndGlobal
